Microsoft Visual Studio Solution File, Format Version 12.00
# Visual Studio Version 17
VisualStudioVersion = 17.5.2.0
MinimumVisualStudioVersion = 10.0.40219.1
Project("{FAE04EC0-301F-11D3-BF4B-00C04F79EFBC}") = "Oauth2Api", "Oauth2Api\Oauth2Api.csproj", "{6695787B-A6B0-EFFD-0596-AD8FFDF7A05C}"
EndProject
Global
	GlobalSection(SolutionConfigurationPlatforms) = preSolution
		Debug|Any CPU = Debug|Any CPU
		Release|Any CPU = Release|Any CPU
	EndGlobalSection
	GlobalSection(ProjectConfigurationPlatforms) = postSolution
		{6695787B-A6B0-EFFD-0596-AD8FFDF7A05C}.Debug|Any CPU.ActiveCfg = Debug|Any CPU
		{6695787B-A6B0-EFFD-0596-AD8FFDF7A05C}.Debug|Any CPU.Build.0 = Debug|Any CPU
		{6695787B-A6B0-EFFD-0596-AD8FFDF7A05C}.Release|Any CPU.ActiveCfg = Release|Any CPU
		{6695787B-A6B0-EFFD-0596-AD8FFDF7A05C}.Release|Any CPU.Build.0 = Release|Any CPU
	EndGlobalSection
	GlobalSection(SolutionProperties) = preSolution
		HideSolutionNode = FALSE
	EndGlobalSection
	GlobalSection(ExtensibilityGlobals) = postSolution
		SolutionGuid = {EBD91C4B-2DA4-4EB6-BD75-F1F0E3F3F1A6}
	EndGlobalSection
EndGlobal
